
Microsoft Visual Studio Solution File, Format Version 12.00
# Visual Studio 14
VisualStudioVersion = 14.0.22823.1
MinimumVisualStudioVersion = 10.0.40219.1
Project("{2150E333-8FDC-42A3-9474-1A3956D46DE8}") = "OpenGLESApp1", "OpenGLESApp1", "{1DF3C0F9-CE24-409E-AD2D-C66ACA078AA1}"
EndProject
Project("{39E2626F-3545-4960-A6E8-258AD8476CE5}") = "OpenGLESApp1.Android.Packaging", "OpenGLESApp1\OpenGLESApp1.Android.Packaging\OpenGLESApp1.Android.Packaging.androidproj", "{879157BE-B772-4548-B37C-8ED1A47FFE6F}"
	ProjectSection(ProjectDependencies) = postProject
		{158F11BD-85DE-442F-84C7-1961DB4F5029} = {158F11BD-85DE-442F-84C7-1961DB4F5029}
	EndProjectSection
EndProject
Project("{DBADA880-67D1-4C77-86E9-85A29877A8A0}") = "OpenGLESApp1.iOS.Application", "OpenGLESApp1\OpenGLESApp1.iOS.Application\OpenGLESApp1.iOS.Application.iosproj", "{941711F4-88E5-4914-BD76-3084BF8B0335}"
EndProject
Project("{2150E333-8FDC-42A3-9474-1A3956D46DE8}") = "Libraries", "Libraries", "{ABF1FB7E-0D66-418A-8B8D-8C238E9E55B0}"
EndProject
Project("{8BC9CEB8-8B4A-11D0-8D11-00A0C91BC942}") = "OpenGLESApp1.Shared", "OpenGLESApp1\OpenGLESApp1.Shared\OpenGLESApp1.Shared.vcxitems", "{7B85D277-75E0-4891-8E7A-2D7241EB757A}"
EndProject
Project("{8BC9CEB8-8B4A-11D0-8D11-00A0C91BC942}") = "OpenGLESApp1.Android.NativeActivity", "OpenGLESApp1\OpenGLESApp1.Android.NativeActivity\OpenGLESApp1.Android.NativeActivity.vcxproj", "{E5D9F7DB-2EA8-442E-ABA0-374C92E01017}"
	ProjectSection(ProjectDependencies) = postProject
		{158F11BD-85DE-442F-84C7-1961DB4F5029} = {158F11BD-85DE-442F-84C7-1961DB4F5029}
	EndProjectSection
EndProject
Project("{8BC9CEB8-8B4A-11D0-8D11-00A0C91BC942}") = "OpenGLESApp1.iOS.StaticLibrary", "OpenGLESApp1\OpenGLESApp1.iOS.StaticLibrary\OpenGLESApp1.iOS.StaticLibrary.vcxproj", "{0BED9314-C520-4EBB-B4E3-7EF244016172}"
EndProject
Project("{2150E333-8FDC-42A3-9474-1A3956D46DE8}") = "Submodules", "Submodules", "{9CF0E4B0-45A4-4183-A614-1EB7E3667C2E}"
EndProject
Project("{8BC9CEB8-8B4A-11D0-8D11-00A0C91BC942}") = "cocos2d-android.vc2015", "Submodules\cocos2d-x\build\cocos2d-android.vc2015.vcxproj", "{158F11BD-85DE-442F-84C7-1961DB4F5029}"
EndProject
Project("{8BC9CEB8-8B4A-11D0-8D11-00A0C91BC942}") = "cpufeatures", "Submodules\cocos2d-x\external\cpufeatures\cpufeatures.vcxproj", "{943C15A8-FA0A-4C0A-9D41-7F172D4498A1}"
EndProject
Global
	GlobalSection(SharedMSBuildProjectFiles) = preSolution
		OpenGLESApp1\OpenGLESApp1.Shared\OpenGLESApp1.Shared.vcxitems*{e5d9f7db-2ea8-442e-aba0-374c92e01017}*SharedItemsImports = 4
		OpenGLESApp1\OpenGLESApp1.Shared\OpenGLESApp1.Shared.vcxitems*{7b85d277-75e0-4891-8e7a-2d7241eb757a}*SharedItemsImports = 9
	EndGlobalSection
	GlobalSection(SolutionConfigurationPlatforms) = preSolution
		Debug|ARM = Debug|ARM
		Debug|x86 = Debug|x86
		Release|ARM = Release|ARM
		Release|x86 = Release|x86
	EndGlobalSection
	GlobalSection(ProjectConfigurationPlatforms) = postSolution
		{879157BE-B772-4548-B37C-8ED1A47FFE6F}.Debug|ARM.ActiveCfg = Debug|ARM
		{879157BE-B772-4548-B37C-8ED1A47FFE6F}.Debug|ARM.Build.0 = Debug|ARM
		{879157BE-B772-4548-B37C-8ED1A47FFE6F}.Debug|ARM.Deploy.0 = Debug|ARM
		{879157BE-B772-4548-B37C-8ED1A47FFE6F}.Debug|x86.ActiveCfg = Debug|x86
		{879157BE-B772-4548-B37C-8ED1A47FFE6F}.Debug|x86.Build.0 = Debug|x86
		{879157BE-B772-4548-B37C-8ED1A47FFE6F}.Debug|x86.Deploy.0 = Debug|x86
		{879157BE-B772-4548-B37C-8ED1A47FFE6F}.Release|ARM.ActiveCfg = Release|ARM
		{879157BE-B772-4548-B37C-8ED1A47FFE6F}.Release|ARM.Build.0 = Release|ARM
		{879157BE-B772-4548-B37C-8ED1A47FFE6F}.Release|ARM.Deploy.0 = Release|ARM
		{879157BE-B772-4548-B37C-8ED1A47FFE6F}.Release|x86.ActiveCfg = Release|x86
		{879157BE-B772-4548-B37C-8ED1A47FFE6F}.Release|x86.Build.0 = Release|x86
		{879157BE-B772-4548-B37C-8ED1A47FFE6F}.Release|x86.Deploy.0 = Release|x86
		{941711F4-88E5-4914-BD76-3084BF8B0335}.Debug|ARM.ActiveCfg = Debug|ARM
		{941711F4-88E5-4914-BD76-3084BF8B0335}.Debug|ARM.Build.0 = Debug|ARM
		{941711F4-88E5-4914-BD76-3084BF8B0335}.Debug|ARM.Deploy.0 = Debug|ARM
		{941711F4-88E5-4914-BD76-3084BF8B0335}.Debug|x86.ActiveCfg = Debug|x86
		{941711F4-88E5-4914-BD76-3084BF8B0335}.Debug|x86.Build.0 = Debug|x86
		{941711F4-88E5-4914-BD76-3084BF8B0335}.Debug|x86.Deploy.0 = Debug|x86
		{941711F4-88E5-4914-BD76-3084BF8B0335}.Release|ARM.ActiveCfg = Release|ARM
		{941711F4-88E5-4914-BD76-3084BF8B0335}.Release|ARM.Build.0 = Release|ARM
		{941711F4-88E5-4914-BD76-3084BF8B0335}.Release|ARM.Deploy.0 = Release|ARM
		{941711F4-88E5-4914-BD76-3084BF8B0335}.Release|x86.ActiveCfg = Release|x86
		{941711F4-88E5-4914-BD76-3084BF8B0335}.Release|x86.Build.0 = Release|x86
		{941711F4-88E5-4914-BD76-3084BF8B0335}.Release|x86.Deploy.0 = Release|x86
		{E5D9F7DB-2EA8-442E-ABA0-374C92E01017}.Debug|ARM.ActiveCfg = Debug|ARM
		{E5D9F7DB-2EA8-442E-ABA0-374C92E01017}.Debug|ARM.Build.0 = Debug|ARM
		{E5D9F7DB-2EA8-442E-ABA0-374C92E01017}.Debug|x86.ActiveCfg = Debug|x86
		{E5D9F7DB-2EA8-442E-ABA0-374C92E01017}.Debug|x86.Build.0 = Debug|x86
		{E5D9F7DB-2EA8-442E-ABA0-374C92E01017}.Release|ARM.ActiveCfg = Release|ARM
		{E5D9F7DB-2EA8-442E-ABA0-374C92E01017}.Release|ARM.Build.0 = Release|ARM
		{E5D9F7DB-2EA8-442E-ABA0-374C92E01017}.Release|x86.ActiveCfg = Release|x86
		{E5D9F7DB-2EA8-442E-ABA0-374C92E01017}.Release|x86.Build.0 = Release|x86
		{0BED9314-C520-4EBB-B4E3-7EF244016172}.Debug|ARM.ActiveCfg = Debug|ARM
		{0BED9314-C520-4EBB-B4E3-7EF244016172}.Debug|ARM.Build.0 = Debug|ARM
		{0BED9314-C520-4EBB-B4E3-7EF244016172}.Debug|x86.ActiveCfg = Debug|x86
		{0BED9314-C520-4EBB-B4E3-7EF244016172}.Debug|x86.Build.0 = Debug|x86
		{0BED9314-C520-4EBB-B4E3-7EF244016172}.Release|ARM.ActiveCfg = Release|ARM
		{0BED9314-C520-4EBB-B4E3-7EF244016172}.Release|ARM.Build.0 = Release|ARM
		{0BED9314-C520-4EBB-B4E3-7EF244016172}.Release|x86.ActiveCfg = Release|x86
		{0BED9314-C520-4EBB-B4E3-7EF244016172}.Release|x86.Build.0 = Release|x86
		{158F11BD-85DE-442F-84C7-1961DB4F5029}.Debug|ARM.ActiveCfg = Debug|ARM
		{158F11BD-85DE-442F-84C7-1961DB4F5029}.Debug|ARM.Build.0 = Debug|ARM
		{158F11BD-85DE-442F-84C7-1961DB4F5029}.Debug|x86.ActiveCfg = Debug|x86
		{158F11BD-85DE-442F-84C7-1961DB4F5029}.Debug|x86.Build.0 = Debug|x86
		{158F11BD-85DE-442F-84C7-1961DB4F5029}.Release|ARM.ActiveCfg = Release|ARM
		{158F11BD-85DE-442F-84C7-1961DB4F5029}.Release|ARM.Build.0 = Release|ARM
		{158F11BD-85DE-442F-84C7-1961DB4F5029}.Release|x86.ActiveCfg = Release|x86
		{158F11BD-85DE-442F-84C7-1961DB4F5029}.Release|x86.Build.0 = Release|x86
		{943C15A8-FA0A-4C0A-9D41-7F172D4498A1}.Debug|ARM.ActiveCfg = Debug|ARM
		{943C15A8-FA0A-4C0A-9D41-7F172D4498A1}.Debug|ARM.Build.0 = Debug|ARM
		{943C15A8-FA0A-4C0A-9D41-7F172D4498A1}.Debug|x86.ActiveCfg = Debug|x86
		{943C15A8-FA0A-4C0A-9D41-7F172D4498A1}.Debug|x86.Build.0 = Debug|x86
		{943C15A8-FA0A-4C0A-9D41-7F172D4498A1}.Release|ARM.ActiveCfg = Release|ARM
		{943C15A8-FA0A-4C0A-9D41-7F172D4498A1}.Release|ARM.Build.0 = Release|ARM
		{943C15A8-FA0A-4C0A-9D41-7F172D4498A1}.Release|x86.ActiveCfg = Release|x86
		{943C15A8-FA0A-4C0A-9D41-7F172D4498A1}.Release|x86.Build.0 = Release|x86
	EndGlobalSection
	GlobalSection(SolutionProperties) = preSolution
		HideSolutionNode = FALSE
	EndGlobalSection
	GlobalSection(NestedProjects) = preSolution
		{879157BE-B772-4548-B37C-8ED1A47FFE6F} = {1DF3C0F9-CE24-409E-AD2D-C66ACA078AA1}
		{941711F4-88E5-4914-BD76-3084BF8B0335} = {1DF3C0F9-CE24-409E-AD2D-C66ACA078AA1}
		{ABF1FB7E-0D66-418A-8B8D-8C238E9E55B0} = {1DF3C0F9-CE24-409E-AD2D-C66ACA078AA1}
		{7B85D277-75E0-4891-8E7A-2D7241EB757A} = {ABF1FB7E-0D66-418A-8B8D-8C238E9E55B0}
		{E5D9F7DB-2EA8-442E-ABA0-374C92E01017} = {ABF1FB7E-0D66-418A-8B8D-8C238E9E55B0}
		{0BED9314-C520-4EBB-B4E3-7EF244016172} = {ABF1FB7E-0D66-418A-8B8D-8C238E9E55B0}
		{9CF0E4B0-45A4-4183-A614-1EB7E3667C2E} = {1DF3C0F9-CE24-409E-AD2D-C66ACA078AA1}
		{158F11BD-85DE-442F-84C7-1961DB4F5029} = {9CF0E4B0-45A4-4183-A614-1EB7E3667C2E}
		{943C15A8-FA0A-4C0A-9D41-7F172D4498A1} = {9CF0E4B0-45A4-4183-A614-1EB7E3667C2E}
	EndGlobalSection
EndGlobal
